
Microsoft Visual Studio Solution File, Format Version 12.00
# Visual Studio 15
VisualStudioVersion = 15.0.26730.16
MinimumVisualStudioVersion = 10.0.40219.1
Project("{8BC9CEB8-8B4A-11D0-8D11-00A0C91BC942}") = "Lab 6", "Lab 6\Lab 6.vcxproj", "{916577D9-E5FF-4D8B-8062-65BBACD33E9F}"
EndProject
Global
	GlobalSection(SolutionConfigurationPlatforms) = preSolution
		Debug|x64 = Debug|x64
		Debug|x86 = Debug|x86
		Release|x64 = Release|x64
		Release|x86 = Release|x86
	EndGlobalSection
	GlobalSection(ProjectConfigurationPlatforms) = postSolution
		{916577D9-E5FF-4D8B-8062-65BBACD33E9F}.Debug|x64.ActiveCfg = Debug|x64
		{916577D9-E5FF-4D8B-8062-65BBACD33E9F}.Debug|x64.Build.0 = Debug|x64
		{916577D9-E5FF-4D8B-8062-65BBACD33E9F}.Debug|x86.ActiveCfg = Debug|Win32
		{916577D9-E5FF-4D8B-8062-65BBACD33E9F}.Debug|x86.Build.0 = Debug|Win32
		{916577D9-E5FF-4D8B-8062-65BBACD33E9F}.Release|x64.ActiveCfg = Release|x64
		{916577D9-E5FF-4D8B-8062-65BBACD33E9F}.Release|x64.Build.0 = Release|x64
		{916577D9-E5FF-4D8B-8062-65BBACD33E9F}.Release|x86.ActiveCfg = Release|Win32
		{916577D9-E5FF-4D8B-8062-65BBACD33E9F}.Release|x86.Build.0 = Release|Win32
	EndGlobalSection
	GlobalSection(SolutionProperties) = preSolution
		HideSolutionNode = FALSE
	EndGlobalSection
	GlobalSection(ExtensibilityGlobals) = postSolution
		SolutionGuid = {4104D0DA-1399-48D2-8617-AD28031BD4A5}
	EndGlobalSection
EndGlobal
